
Microsoft Visual Studio Solution File, Format Version 12.00
# Visual Studio Version 16
VisualStudioVersion = 16.0.32002.261
MinimumVisualStudioVersion = 10.0.40219.1
Project("{FAE04EC0-301F-11D3-BF4B-00C04F79EFBC}") = "ShootingRange", "ShootingRange\ShootingRange.csproj", "{2A3A7A50-5FEA-4DED-A9A7-CD98AEAD4859}"
EndProject
Global
	GlobalSection(SolutionConfigurationPlatforms) = preSolution
		Debug|Any CPU = Debug|Any CPU
		Release|Any CPU = Release|Any CPU
	EndGlobalSection
	GlobalSection(ProjectConfigurationPlatforms) = postSolution
		{2A3A7A50-5FEA-4DED-A9A7-CD98AEAD4859}.Debug|Any CPU.ActiveCfg = Debug|Any CPU
		{2A3A7A50-5FEA-4DED-A9A7-CD98AEAD4859}.Debug|Any CPU.Build.0 = Debug|Any CPU
		{2A3A7A50-5FEA-4DED-A9A7-CD98AEAD4859}.Release|Any CPU.ActiveCfg = Release|Any CPU
		{2A3A7A50-5FEA-4DED-A9A7-CD98AEAD4859}.Release|Any CPU.Build.0 = Release|Any CPU
	EndGlobalSection
	GlobalSection(SolutionProperties) = preSolution
		HideSolutionNode = FALSE
	EndGlobalSection
	GlobalSection(ExtensibilityGlobals) = postSolution
		SolutionGuid = {46009679-78C9-4094-B898-D8E3CE297C56}
	EndGlobalSection
EndGlobal
